
Microsoft Visual Studio Solution File, Format Version 12.00
# Visual Studio 15
VisualStudioVersion = 15.0.27703.2000
MinimumVisualStudioVersion = 10.0.40219.1
Project("{FAE04EC0-301F-11D3-BF4B-00C04F79EFBC}") = "Restaurant.Web", "Restaurant.Web\Restaurant.Web.csproj", "{0B747716-687D-400A-8873-F1D32F86A4BA}"
EndProject
Project("{FAE04EC0-301F-11D3-BF4B-00C04F79EFBC}") = "Restaurant.Domain", "Restaurant.Domain\Restaurant.Domain.csproj", "{796E46B2-036A-4CA7-96C8-6533931A2355}"
EndProject
Project("{FAE04EC0-301F-11D3-BF4B-00C04F79EFBC}") = "Restaurant.DataAccess", "Restaurant.DataAccess\Restaurant.DataAccess.csproj", "{64A576EB-B2C8-43CD-BBD6-A9B3A7E8BBB1}"
EndProject
Project("{FAE04EC0-301F-11D3-BF4B-00C04F79EFBC}") = "Restaurant.Services", "Restaurant.Services\Restaurant.Services.csproj", "{CA09791F-CAB8-4FE6-8D45-4C62981CC4AE}"
EndProject
Project("{FAE04EC0-301F-11D3-BF4B-00C04F79EFBC}") = "WebApplication1", "WebApplication1\WebApplication1.csproj", "{C57297E9-290A-46A0-A3E7-BDD996D5A8DA}"
EndProject
Global
	GlobalSection(SolutionConfigurationPlatforms) = preSolution
		Debug|Any CPU = Debug|Any CPU
		Release|Any CPU = Release|Any CPU
	EndGlobalSection
	GlobalSection(ProjectConfigurationPlatforms) = postSolution
		{0B747716-687D-400A-8873-F1D32F86A4BA}.Debug|Any CPU.ActiveCfg = Debug|Any CPU
		{0B747716-687D-400A-8873-F1D32F86A4BA}.Debug|Any CPU.Build.0 = Debug|Any CPU
		{0B747716-687D-400A-8873-F1D32F86A4BA}.Release|Any CPU.ActiveCfg = Release|Any CPU
		{0B747716-687D-400A-8873-F1D32F86A4BA}.Release|Any CPU.Build.0 = Release|Any CPU
		{796E46B2-036A-4CA7-96C8-6533931A2355}.Debug|Any CPU.ActiveCfg = Debug|Any CPU
		{796E46B2-036A-4CA7-96C8-6533931A2355}.Debug|Any CPU.Build.0 = Debug|Any CPU
		{796E46B2-036A-4CA7-96C8-6533931A2355}.Release|Any CPU.ActiveCfg = Release|Any CPU
		{796E46B2-036A-4CA7-96C8-6533931A2355}.Release|Any CPU.Build.0 = Release|Any CPU
		{64A576EB-B2C8-43CD-BBD6-A9B3A7E8BBB1}.Debug|Any CPU.ActiveCfg = Debug|Any CPU
		{64A576EB-B2C8-43CD-BBD6-A9B3A7E8BBB1}.Debug|Any CPU.Build.0 = Debug|Any CPU
		{64A576EB-B2C8-43CD-BBD6-A9B3A7E8BBB1}.Release|Any CPU.ActiveCfg = Release|Any CPU
		{64A576EB-B2C8-43CD-BBD6-A9B3A7E8BBB1}.Release|Any CPU.Build.0 = Release|Any CPU
		{CA09791F-CAB8-4FE6-8D45-4C62981CC4AE}.Debug|Any CPU.ActiveCfg = Debug|Any CPU
		{CA09791F-CAB8-4FE6-8D45-4C62981CC4AE}.Debug|Any CPU.Build.0 = Debug|Any CPU
		{CA09791F-CAB8-4FE6-8D45-4C62981CC4AE}.Release|Any CPU.ActiveCfg = Release|Any CPU
		{CA09791F-CAB8-4FE6-8D45-4C62981CC4AE}.Release|Any CPU.Build.0 = Release|Any CPU
		{C57297E9-290A-46A0-A3E7-BDD996D5A8DA}.Debug|Any CPU.ActiveCfg = Debug|Any CPU
		{C57297E9-290A-46A0-A3E7-BDD996D5A8DA}.Debug|Any CPU.Build.0 = Debug|Any CPU
		{C57297E9-290A-46A0-A3E7-BDD996D5A8DA}.Release|Any CPU.ActiveCfg = Release|Any CPU
		{C57297E9-290A-46A0-A3E7-BDD996D5A8DA}.Release|Any CPU.Build.0 = Release|Any CPU
	EndGlobalSection
	GlobalSection(SolutionProperties) = preSolution
		HideSolutionNode = FALSE
	EndGlobalSection
	GlobalSection(ExtensibilityGlobals) = postSolution
		SolutionGuid = {0D0E4FF1-619B-499F-9288-A3CBE2AC6F38}
	EndGlobalSection
EndGlobal
